{
  "name": "node",
  "version": "1.0.0",
  "lockfileVersion": 1,
  "requires": true,
  "dependencies": {
    "awesome-dev-jokes": {
      "version": "1.0.3",
      "resolved": "https://registry.npmjs.org/awesome-dev-jokes/-/awesome-dev-jokes-1.0.3.tgz",
      "integrity": "sha512-NR05SiOoLggOEaRrzQB3q27wId0nc2Z+EI8BfwnggTwKqjvX3Ww6NGhWAt2hr+rRg4xBCSzSSBYVKz5+4TO84w=="
    },
    "moment": {
      "version": "2.29.1",
      "resolved": "https://registry.npmjs.org/moment/-/moment-2.29.1.tgz",
      "integrity": "sha512-kHmoybcPV8Sqy59DwNDY3Jefr64lK/by/da0ViFcuA4DH0vQg5Q6Ze5VimxkfQNSC+Mls/Kx53s7TjP1RhFEDQ=="
    }
  }
}
